// !$*UTF8*$!
{
	archiveVersion = 1;
	classes = {
	};
	objectVersion = 50;
	objects = {

/* Begin PBXBuildFile section */
		135C119AE9F61A436A84E1EE /* Pods_Health_Memo.framework in Frameworks */ = {isa = PBXBuildFile; fileRef = 41E481EE76F4C1E4E454D793 /* Pods_Health_Memo.framework */; };
		18286A59BFF10C0CD219919F /* Pods_Health_MemoTests.framework in Frameworks */ = {isa = PBXBuildFile; fileRef = B1D389855BBF5E082767D161 /* Pods_Health_MemoTests.framework */; };
		48F42A84254616D800BC6078 /* AppDelegate.swift in Sources */ = {isa = PBXBuildFile; fileRef = 48F42A83254616D800BC6078 /* AppDelegate.swift */; };
		48F42A86254616D800BC6078 /* SceneDelegate.swift in Sources */ = {isa = PBXBuildFile; fileRef = 48F42A85254616D800BC6078 /* SceneDelegate.swift */; };
		48F42A88254616D800BC6078 /* ViewController.swift in Sources */ = {isa = PBXBuildFile; fileRef = 48F42A87254616D800BC6078 /* ViewController.swift */; };
		48F42A8B254616D800BC6078 /* Main.storyboard in Resources */ = {isa = PBXBuildFile; fileRef = 48F42A89254616D800BC6078 /* Main.storyboard */; };
		48F42A8D254616D800BC6078 /* Assets.xcassets in Resources */ = {isa = PBXBuildFile; fileRef = 48F42A8C254616D800BC6078 /* Assets.xcassets */; };
		48F42A90254616D800BC6078 /* LaunchScreen.storyboard in Resources */ = {isa = PBXBuildFile; fileRef = 48F42A8E254616D800BC6078 /* LaunchScreen.storyboard */; };
		48F42A9B254616D900BC6078 /* Health_MemoTests.swift in Sources */ = {isa = PBXBuildFile; fileRef = 48F42A9A254616D900BC6078 /* Health_MemoTests.swift */; };
		48F42AA6254616D900BC6078 /* Health_MemoUITests.swift in Sources */ = {isa = PBXBuildFile; fileRef = 48F42AA5254616D900BC6078 /* Health_MemoUITests.swift */; };
		6C12379525462B8700F01B39 /* MemoCell.swift in Sources */ = {isa = PBXBuildFile; fileRef = 6C12379425462B8700F01B39 /* MemoCell.swift */; };
		6C1237A225462E6400F01B39 /* MemosViewController.swift in Sources */ = {isa = PBXBuildFile; fileRef = 6C1237A125462E6400F01B39 /* MemosViewController.swift */; };
		6C1237A725464E9500F01B39 /* Memo_detailedViewController.swift in Sources */ = {isa = PBXBuildFile; fileRef = 6C1237A625464E9500F01B39 /* Memo_detailedViewController.swift */; };
		F16EA31FC3C39A85A089FD34 /* Pods_Health_Memo_Health_MemoUITests.framework in Frameworks */ = {isa = PBXBuildFile; fileRef = 29EC2D065D06977D33B39F33 /* Pods_Health_Memo_Health_MemoUITests.framework */; };
/* End PBXBuildFile section */

/* Begin PBXContainerItemProxy section */
		48F42A97254616D900BC6078 /* PBXContainerItemProxy */ = {
			isa = PBXContainerItemProxy;
			containerPortal = 48F42A78254616D700BC6078 /* Project object */;
			proxyType = 1;
			remoteGlobalIDString = 48F42A7F254616D800BC6078;
			remoteInfo = "Health Memo";
		};
		48F42AA2254616D900BC6078 /* PBXContainerItemProxy */ = {
			isa = PBXContainerItemProxy;
			containerPortal = 48F42A78254616D700BC6078 /* Project object */;
			proxyType = 1;
			remoteGlobalIDString = 48F42A7F254616D800BC6078;
			remoteInfo = "Health Memo";
		};
/* End PBXContainerItemProxy section */

/* Begin PBXFileReference section */
		29EC2D065D06977D33B39F33 /* Pods_Health_Memo_Health_MemoUITests.framework */ = {isa = PBXFileReference; explicitFileType = wrapper.framework; includeInIndex = 0; path = Pods_Health_Memo_Health_MemoUITests.framework; sourceTree = BUILT_PRODUCTS_DIR; };
		41E481EE76F4C1E4E454D793 /* Pods_Health_Memo.framework */ = {isa = PBXFileReference; explicitFileType = wrapper.framework; includeInIndex = 0; path = Pods_Health_Memo.framework; sourceTree = BUILT_PRODUCTS_DIR; };
		48BA969E03D95264AC99D187 /* Pods-Health MemoTests.release.xcconfig */ = {isa = PBXFileReference; includeInIndex = 1; lastKnownFileType = text.xcconfig; name = "Pods-Health MemoTests.release.xcconfig"; path = "Target Support Files/Pods-Health MemoTests/Pods-Health MemoTests.release.xcconfig"; sourceTree = "<group>"; };
		48F42A80254616D800BC6078 /* Health Memo.app */ = {isa = PBXFileReference; explicitFileType = wrapper.application; includeInIndex = 0; path = "Health Memo.app"; sourceTree = BUILT_PRODUCTS_DIR; };
		48F42A83254616D800BC6078 /* AppDelegate.swift */ = {isa = PBXFileReference; lastKnownFileType = sourcecode.swift; path = AppDelegate.swift; sourceTree = "<group>"; };
		48F42A85254616D800BC6078 /* SceneDelegate.swift */ = {isa = PBXFileReference; lastKnownFileType = sourcecode.swift; path = SceneDelegate.swift; sourceTree = "<group>"; };
		48F42A87254616D800BC6078 /* ViewController.swift */ = {isa = PBXFileReference; lastKnownFileType = sourcecode.swift; path = ViewController.swift; sourceTree = "<group>"; };
		48F42A8A254616D800BC6078 /* Base */ = {isa = PBXFileReference; lastKnownFileType = file.storyboard; name = Base; path = Base.lproj/Main.storyboard; sourceTree = "<group>"; };
		48F42A8C254616D800BC6078 /* Assets.xcassets */ = {isa = PBXFileReference; lastKnownFileType = folder.assetcatalog; path = Assets.xcassets; sourceTree = "<group>"; };
		48F42A8F254616D800BC6078 /* Base */ = {isa = PBXFileReference; lastKnownFileType = file.storyboard; name = Base; path = Base.lproj/LaunchScreen.storyboard; sourceTree = "<group>"; };
		48F42A91254616D800BC6078 /* Info.plist */ = {isa = PBXFileReference; lastKnownFileType = text.plist.xml; path = Info.plist; sourceTree = "<group>"; };
		48F42A96254616D900BC6078 /* Health MemoTests.xctest */ = {isa = PBXFileReference; explicitFileType = wrapper.cfbundle; includeInIndex = 0; path = "Health MemoTests.xctest"; sourceTree = BUILT_PRODUCTS_DIR; };
		48F42A9A254616D900BC6078 /* Health_MemoTests.swift */ = {isa = PBXFileReference; lastKnownFileType = sourcecode.swift; path = Health_MemoTests.swift; sourceTree = "<group>"; };
		48F42A9C254616D900BC6078 /* Info.plist */ = {isa = PBXFileReference; lastKnownFileType = text.plist.xml; path = Info.plist; sourceTree = "<group>"; };
		48F42AA1254616D900BC6078 /* Health MemoUITests.xctest */ = {isa = PBXFileReference; explicitFileType = wrapper.cfbundle; includeInIndex = 0; path = "Health MemoUITests.xctest"; sourceTree = BUILT_PRODUCTS_DIR; };
		48F42AA5254616D900BC6078 /* Health_MemoUITests.swift */ = {isa = PBXFileReference; lastKnownFileType = sourcecode.swift; path = Health_MemoUITests.swift; sourceTree = "<group>"; };
		48F42AA7254616D900BC6078 /* Info.plist */ = {isa = PBXFileReference; lastKnownFileType = text.plist.xml; path = Info.plist; sourceTree = "<group>"; };
		60EBDDE0833A44E492D995B5 /* Pods-Health MemoTests.debug.xcconfig */ = {isa = PBXFileReference; includeInIndex = 1; lastKnownFileType = text.xcconfig; name = "Pods-Health MemoTests.debug.xcconfig"; path = "Target Support Files/Pods-Health MemoTests/Pods-Health MemoTests.debug.xcconfig"; sourceTree = "<group>"; };
		6C12379425462B8700F01B39 /* MemoCell.swift */ = {isa = PBXFileReference; lastKnownFileType = sourcecode.swift; path = MemoCell.swift; sourceTree = "<group>"; };
		6C1237A125462E6400F01B39 /* MemosViewController.swift */ = {isa = PBXFileReference; lastKnownFileType = sourcecode.swift; path = MemosViewController.swift; sourceTree = "<group>"; };
		6C1237A625464E9500F01B39 /* Memo_detailedViewController.swift */ = {isa = PBXFileReference; lastKnownFileType = sourcecode.swift; path = Memo_detailedViewController.swift; sourceTree = "<group>"; };
		96527084E6601DE65AA62933 /* Pods-Health Memo-Health MemoUITests.debug.xcconfig */ = {isa = PBXFileReference; includeInIndex = 1; lastKnownFileType = text.xcconfig; name = "Pods-Health Memo-Health MemoUITests.debug.xcconfig"; path = "Target Support Files/Pods-Health Memo-Health MemoUITests/Pods-Health Memo-Health MemoUITests.debug.xcconfig"; sourceTree = "<group>"; };
		96A48B3894C1934B6B518F62 /* Pods-Health Memo.release.xcconfig */ = {isa = PBXFileReference; includeInIndex = 1; lastKnownFileType = text.xcconfig; name = "Pods-Health Memo.release.xcconfig"; path = "Target Support Files/Pods-Health Memo/Pods-Health Memo.release.xcconfig"; sourceTree = "<group>"; };
		98D41530733293E73B13076E /* Pods-Health Memo.debug.xcconfig */ = {isa = PBXFileReference; includeInIndex = 1; lastKnownFileType = text.xcconfig; name = "Pods-Health Memo.debug.xcconfig"; path = "Target Support Files/Pods-Health Memo/Pods-Health Memo.debug.xcconfig"; sourceTree = "<group>"; };
		B1D389855BBF5E082767D161 /* Pods_Health_MemoTests.framework */ = {isa = PBXFileReference; explicitFileType = wrapper.framework; includeInIndex = 0; path = Pods_Health_MemoTests.framework; sourceTree = BUILT_PRODUCTS_DIR; };
		E59635548AE7EA0A52DF816E /* Pods-Health Memo-Health MemoUITests.release.xcconfig */ = {isa = PBXFileReference; includeInIndex = 1; lastKnownFileType = text.xcconfig; name = "Pods-Health Memo-Health MemoUITests.release.xcconfig"; path = "Target Support Files/Pods-Health Memo-Health MemoUITests/Pods-Health Memo-Health MemoUITests.release.xcconfig"; sourceTree = "<group>"; };
/* End PBXFileReference section */

/* Begin PBXFrameworksBuildPhase section */
		48F42A7D254616D800BC6078 /* Frameworks */ = {
			isa = PBXFrameworksBuildPhase;
			buildActionMask = 2147483647;
			files = (
				135C119AE9F61A436A84E1EE /* Pods_Health_Memo.framework in Frameworks */,
			);
			runOnlyForDeploymentPostprocessing = 0;
		};
		48F42A93254616D900BC6078 /* Frameworks */ = {
			isa = PBXFrameworksBuildPhase;
			buildActionMask = 2147483647;
			files = (
				18286A59BFF10C0CD219919F /* Pods_Health_MemoTests.framework in Frameworks */,
			);
			runOnlyForDeploymentPostprocessing = 0;
		};
		48F42A9E254616D900BC6078 /* Frameworks */ = {
			isa = PBXFrameworksBuildPhase;
			buildActionMask = 2147483647;
			files = (
				F16EA31FC3C39A85A089FD34 /* Pods_Health_Memo_Health_MemoUITests.framework in Frameworks */,
			);
			runOnlyForDeploymentPostprocessing = 0;
		};
/* End PBXFrameworksBuildPhase section */

/* Begin PBXGroup section */
		2FDEC78B063BE05B4A722190 /* Pods */ = {
			isa = PBXGroup;
			children = (
				98D41530733293E73B13076E /* Pods-Health Memo.debug.xcconfig */,
				96A48B3894C1934B6B518F62 /* Pods-Health Memo.release.xcconfig */,
				96527084E6601DE65AA62933 /* Pods-Health Memo-Health MemoUITests.debug.xcconfig */,
				E59635548AE7EA0A52DF816E /* Pods-Health Memo-Health MemoUITests.release.xcconfig */,
				60EBDDE0833A44E492D995B5 /* Pods-Health MemoTests.debug.xcconfig */,
				48BA969E03D95264AC99D187 /* Pods-Health MemoTests.release.xcconfig */,
			);
			path = Pods;
			sourceTree = "<group>";
		};
		382F41D076AC9DCDDC5A46A7 /* Frameworks */ = {
			isa = PBXGroup;
			children = (
				41E481EE76F4C1E4E454D793 /* Pods_Health_Memo.framework */,
				29EC2D065D06977D33B39F33 /* Pods_Health_Memo_Health_MemoUITests.framework */,
				B1D389855BBF5E082767D161 /* Pods_Health_MemoTests.framework */,
			);
			name = Frameworks;
			sourceTree = "<group>";
		};
		48F42A77254616D700BC6078 = {
			isa = PBXGroup;
			children = (
				48F42A82254616D800BC6078 /* Health Memo */,
				48F42A99254616D900BC6078 /* Health MemoTests */,
				48F42AA4254616D900BC6078 /* Health MemoUITests */,
				48F42A81254616D800BC6078 /* Products */,
				2FDEC78B063BE05B4A722190 /* Pods */,
				382F41D076AC9DCDDC5A46A7 /* Frameworks */,
			);
			sourceTree = "<group>";
		};
		48F42A81254616D800BC6078 /* Products */ = {
			isa = PBXGroup;
			children = (
				48F42A80254616D800BC6078 /* Health Memo.app */,
				48F42A96254616D900BC6078 /* Health MemoTests.xctest */,
				48F42AA1254616D900BC6078 /* Health MemoUITests.xctest */,
			);
			name = Products;
			sourceTree = "<group>";
		};
		48F42A82254616D800BC6078 /* Health Memo */ = {
			isa = PBXGroup;
			children = (
				48F42A83254616D800BC6078 /* AppDelegate.swift */,
				48F42A85254616D800BC6078 /* SceneDelegate.swift */,
				48F42A87254616D800BC6078 /* ViewController.swift */,
				48F42A89254616D800BC6078 /* Main.storyboard */,
				6C1237A125462E6400F01B39 /* MemosViewController.swift */,
				6C1237A625464E9500F01B39 /* Memo_detailedViewController.swift */,
				6C12379425462B8700F01B39 /* MemoCell.swift */,
				48F42A8C254616D800BC6078 /* Assets.xcassets */,
				48F42A8E254616D800BC6078 /* LaunchScreen.storyboard */,
				48F42A91254616D800BC6078 /* Info.plist */,
			);
			path = "Health Memo";
			sourceTree = "<group>";
		};
		48F42A99254616D900BC6078 /* Health MemoTests */ = {
			isa = PBXGroup;
			children = (
				48F42A9A254616D900BC6078 /* Health_MemoTests.swift */,
				48F42A9C254616D900BC6078 /* Info.plist */,
			);
			path = "Health MemoTests";
			sourceTree = "<group>";
		};
		48F42AA4254616D900BC6078 /* Health MemoUITests */ = {
			isa = PBXGroup;
			children = (
				48F42AA5254616D900BC6078 /* Health_MemoUITests.swift */,
				48F42AA7254616D900BC6078 /* Info.plist */,
			);
			path = "Health MemoUITests";
			sourceTree = "<group>";
		};
/* End PBXGroup section */

/* Begin PBXNativeTarget section */
		48F42A7F254616D800BC6078 /* Health Memo */ = {
			isa = PBXNativeTarget;
			buildConfigurationList = 48F42AAA254616D900BC6078 /* Build configuration list for PBXNativeTarget "Health Memo" */;
			buildPhases = (
				41F5F742A6E62B339F06A8EE /* [CP] Check Pods Manifest.lock */,
				48F42A7C254616D800BC6078 /* Sources */,
				48F42A7D254616D800BC6078 /* Frameworks */,
				48F42A7E254616D800BC6078 /* Resources */,
				6709E43EA97807BBD0F4F863 /* [CP] Embed Pods Frameworks */,
			);
			buildRules = (
			);
			dependencies = (
			);
			name = "Health Memo";
			productName = "Health Memo";
			productReference = 48F42A80254616D800BC6078 /* Health Memo.app */;
			productType = "com.apple.product-type.application";
		};
		48F42A95254616D900BC6078 /* Health MemoTests */ = {
			isa = PBXNativeTarget;
			buildConfigurationList = 48F42AAD254616D900BC6078 /* Build configuration list for PBXNativeTarget "Health MemoTests" */;
			buildPhases = (
				C14E7B027AFF4590FB121D38 /* [CP] Check Pods Manifest.lock */,
				48F42A92254616D900BC6078 /* Sources */,
				48F42A93254616D900BC6078 /* Frameworks */,
				48F42A94254616D900BC6078 /* Resources */,
			);
			buildRules = (
			);
			dependencies = (
				48F42A98254616D900BC6078 /* PBXTargetDependency */,
			);
			name = "Health MemoTests";
			productName = "Health MemoTests";
			productReference = 48F42A96254616D900BC6078 /* Health MemoTests.xctest */;
			productType = "com.apple.product-type.bundle.unit-test";
		};
		48F42AA0254616D900BC6078 /* Health MemoUITests */ = {
			isa = PBXNativeTarget;
			buildConfigurationList = 48F42AB0254616D900BC6078 /* Build configuration list for PBXNativeTarget "Health MemoUITests" */;
			buildPhases = (
				4726443857BF4570FC6465F0 /* [CP] Check Pods Manifest.lock */,
				48F42A9D254616D900BC6078 /* Sources */,
				48F42A9E254616D900BC6078 /* Frameworks */,
				48F42A9F254616D900BC6078 /* Resources */,
				42687A799B8208BF304F7C46 /* [CP] Embed Pods Frameworks */,
			);
			buildRules = (
			);
			dependencies = (
				48F42AA3254616D900BC6078 /* PBXTargetDependency */,
			);
			name = "Health MemoUITests";
			productName = "Health MemoUITests";
			productReference = 48F42AA1254616D900BC6078 /* Health MemoUITests.xctest */;
			productType = "com.apple.product-type.bundle.ui-testing";
		};
/* End PBXNativeTarget section */

/* Begin PBXProject section */
		48F42A78254616D700BC6078 /* Project object */ = {
			isa = PBXProject;
			attributes = {
				LastSwiftUpdateCheck = 1210;
				LastUpgradeCheck = 1210;
				TargetAttributes = {
					48F42A7F254616D800BC6078 = {
						CreatedOnToolsVersion = 12.1;
					};
					48F42A95254616D900BC6078 = {
						CreatedOnToolsVersion = 12.1;
						TestTargetID = 48F42A7F254616D800BC6078;
					};
					48F42AA0254616D900BC6078 = {
						CreatedOnToolsVersion = 12.1;
						TestTargetID = 48F42A7F254616D800BC6078;
					};
				};
			};
			buildConfigurationList = 48F42A7B254616D700BC6078 /* Build configuration list for PBXProject "Health Memo" */;
			compatibilityVersion = "Xcode 9.3";
			developmentRegion = en;
			hasScannedForEncodings = 0;
			knownRegions = (
				en,
				Base,
			);
			mainGroup = 48F42A77254616D700BC6078;
			productRefGroup = 48F42A81254616D800BC6078 /* Products */;
			projectDirPath = "";
			projectRoot = "";
			targets = (
				48F42A7F254616D800BC6078 /* Health Memo */,
				48F42A95254616D900BC6078 /* Health MemoTests */,
				48F42AA0254616D900BC6078 /* Health MemoUITests */,
			);
		};
/* End PBXProject section */

/* Begin PBXResourcesBuildPhase section */
		48F42A7E254616D800BC6078 /* Resources */ = {
			isa = PBXResourcesBuildPhase;
			buildActionMask = 2147483647;
			files = (
				48F42A90254616D800BC6078 /* LaunchScreen.storyboard in Resources */,
				48F42A8D254616D800BC6078 /* Assets.xcassets in Resources */,
				48F42A8B254616D800BC6078 /* Main.storyboard in Resources */,
			);
			runOnlyForDeploymentPostprocessing = 0;
		};
		48F42A94254616D900BC6078 /* Resources */ = {
			isa = PBXResourcesBuildPhase;
			buildActionMask = 2147483647;
			files = (
			);
			runOnlyForDeploymentPostprocessing = 0;
		};
		48F42A9F254616D900BC6078 /* Resources */ = {
			isa = PBXResourcesBuildPhase;
			buildActionMask = 2147483647;
			files = (
			);
			runOnlyForDeploymentPostprocessing = 0;
		};
/* End PBXResourcesBuildPhase section */

/* Begin PBXShellScriptBuildPhase section */
		41F5F742A6E62B339F06A8EE /* [CP] Check Pods Manifest.lock */ = {
			isa = PBXShellScriptBuildPhase;
			buildActionMask = 2147483647;
			files = (
			);
			inputFileListPaths = (
			);
			inputPaths = (
				"${PODS_PODFILE_DIR_PATH}/Podfile.lock",
				"${PODS_ROOT}/Manifest.lock",
			);
			name = "[CP] Check Pods Manifest.lock";
			outputFileListPaths = (
			);
			outputPaths = (
				"$(DERIVED_FILE_DIR)/Pods-Health Memo-checkManifestLockResult.txt",
			);
			runOnlyForDeploymentPostprocessing = 0;
			shellPath = /bin/sh;
			shellScript = "diff \"${PODS_PODFILE_DIR_PATH}/Podfile.lock\" \"${PODS_ROOT}/Manifest.lock\" > /dev/null\nif [ $? != 0 ] ; then\n    # print error to STDERR\n    echo \"error: The sandbox is not in sync with the Podfile.lock. Run 'pod install' or update your CocoaPods installation.\" >&2\n    exit 1\nfi\n# This output is used by Xcode 'outputs' to avoid re-running this script phase.\necho \"SUCCESS\" > \"${SCRIPT_OUTPUT_FILE_0}\"\n";
			showEnvVarsInLog = 0;
		};
		42687A799B8208BF304F7C46 /* [CP] Embed Pods Frameworks */ = {
			isa = PBXShellScriptBuildPhase;
			buildActionMask = 2147483647;
			files = (
			);
			inputFileListPaths = (
				"${PODS_ROOT}/Target Support Files/Pods-Health Memo-Health MemoUITests/Pods-Health Memo-Health MemoUITests-frameworks-${CONFIGURATION}-input-files.xcfilelist",
			);
			name = "[CP] Embed Pods Frameworks";
			outputFileListPaths = (
				"${PODS_ROOT}/Target Support Files/Pods-Health Memo-Health MemoUITests/Pods-Health Memo-Health MemoUITests-frameworks-${CONFIGURATION}-output-files.xcfilelist",
			);
			runOnlyForDeploymentPostprocessing = 0;
			shellPath = /bin/sh;
			shellScript = "\"${PODS_ROOT}/Target Support Files/Pods-Health Memo-Health MemoUITests/Pods-Health Memo-Health MemoUITests-frameworks.sh\"\n";
			showEnvVarsInLog = 0;
		};
		4726443857BF4570FC6465F0 /* [CP] Check Pods Manifest.lock */ = {
			isa = PBXShellScriptBuildPhase;
			buildActionMask = 2147483647;
			files = (
			);
			inputFileListPaths = (
			);
			inputPaths = (
				"${PODS_PODFILE_DIR_PATH}/Podfile.lock",
				"${PODS_ROOT}/Manifest.lock",
			);
			name = "[CP] Check Pods Manifest.lock";
			outputFileListPaths = (
			);
			outputPaths = (
				"$(DERIVED_FILE_DIR)/Pods-Health Memo-Health MemoUITests-checkManifestLockResult.txt",
			);
			runOnlyForDeploymentPostprocessing = 0;
			shellPath = /bin/sh;
			shellScript = "diff \"${PODS_PODFILE_DIR_PATH}/Podfile.lock\" \"${PODS_ROOT}/Manifest.lock\" > /dev/null\nif [ $? != 0 ] ; then\n    # print error to STDERR\n    echo \"error: The sandbox is not in sync with the Podfile.lock. Run 'pod install' or update your CocoaPods installation.\" >&2\n    exit 1\nfi\n# This output is used by Xcode 'outputs' to avoid re-running this script phase.\necho \"SUCCESS\" > \"${SCRIPT_OUTPUT_FILE_0}\"\n";
			showEnvVarsInLog = 0;
		};
		6709E43EA97807BBD0F4F863 /* [CP] Embed Pods Frameworks */ = {
			isa = PBXShellScriptBuildPhase;
			buildActionMask = 2147483647;
			files = (
			);
			inputFileListPaths = (
				"${PODS_ROOT}/Target Support Files/Pods-Health Memo/Pods-Health Memo-frameworks-${CONFIGURATION}-input-files.xcfilelist",
			);
			name = "[CP] Embed Pods Frameworks";
			outputFileListPaths = (
				"${PODS_ROOT}/Target Support Files/Pods-Health Memo/Pods-Health Memo-frameworks-${CONFIGURATION}-output-files.xcfilelist",
			);
			runOnlyForDeploymentPostprocessing = 0;
			shellPath = /bin/sh;
			shellScript = "\"${PODS_ROOT}/Target Support Files/Pods-Health Memo/Pods-Health Memo-frameworks.sh\"\n";
			showEnvVarsInLog = 0;
		};
		C14E7B027AFF4590FB121D38 /* [CP] Check Pods Manifest.lock */ = {
			isa = PBXShellScriptBuildPhase;
			buildActionMask = 2147483647;
			files = (
			);
			inputFileListPaths = (
			);
			inputPaths = (
				"${PODS_PODFILE_DIR_PATH}/Podfile.lock",
				"${PODS_ROOT}/Manifest.lock",
			);
			name = "[CP] Check Pods Manifest.lock";
			outputFileListPaths = (
			);
			outputPaths = (
				"$(DERIVED_FILE_DIR)/Pods-Health MemoTests-checkManifestLockResult.txt",
			);
			runOnlyForDeploymentPostprocessing = 0;
			shellPath = /bin/sh;
			shellScript = "diff \"${PODS_PODFILE_DIR_PATH}/Podfile.lock\" \"${PODS_ROOT}/Manifest.lock\" > /dev/null\nif [ $? != 0 ] ; then\n    # print error to STDERR\n    echo \"error: The sandbox is not in sync with the Podfile.lock. Run 'pod install' or update your CocoaPods installation.\" >&2\n    exit 1\nfi\n# This output is used by Xcode 'outputs' to avoid re-running this script phase.\necho \"SUCCESS\" > \"${SCRIPT_OUTPUT_FILE_0}\"\n";
			showEnvVarsInLog = 0;
		};
/* End PBXShellScriptBuildPhase section */

/* Begin PBXSourcesBuildPhase section */
		48F42A7C254616D800BC6078 /* Sources */ = {
			isa = PBXSourcesBuildPhase;
			buildActionMask = 2147483647;
			files = (
				6C1237A725464E9500F01B39 /* Memo_detailedViewController.swift in Sources */,
				48F42A88254616D800BC6078 /* ViewController.swift in Sources */,
				48F42A84254616D800BC6078 /* AppDelegate.swift in Sources */,
				6C1237A225462E6400F01B39 /* MemosViewController.swift in Sources */,
				48F42A86254616D800BC6078 /* SceneDelegate.swift in Sources */,
				6C12379525462B8700F01B39 /* MemoCell.swift in Sources */,
			);
			runOnlyForDeploymentPostprocessing = 0;
		};
		48F42A92254616D900BC6078 /* Sources */ = {
			isa = PBXSourcesBuildPhase;
			buildActionMask = 2147483647;
			files = (
				48F42A9B254616D900BC6078 /* Health_MemoTests.swift in Sources */,
			);
			runOnlyForDeploymentPostprocessing = 0;
		};
		48F42A9D254616D900BC6078 /* Sources */ = {
			isa = PBXSourcesBuildPhase;
			buildActionMask = 2147483647;
			files = (
				48F42AA6254616D900BC6078 /* Health_MemoUITests.swift in Sources */,
			);
			runOnlyForDeploymentPostprocessing = 0;
		};
/* End PBXSourcesBuildPhase section */

/* Begin PBXTargetDependency section */
		48F42A98254616D900BC6078 /* PBXTargetDependency */ = {
			isa = PBXTargetDependency;
			target = 48F42A7F254616D800BC6078 /* Health Memo */;
			targetProxy = 48F42A97254616D900BC6078 /* PBXContainerItemProxy */;
		};
		48F42AA3254616D900BC6078 /* PBXTargetDependency */ = {
			isa = PBXTargetDependency;
			target = 48F42A7F254616D800BC6078 /* Health Memo */;
			targetProxy = 48F42AA2254616D900BC6078 /* PBXContainerItemProxy */;
		};
/* End PBXTargetDependency section */

/* Begin PBXVariantGroup section */
		48F42A89254616D800BC6078 /* Main.storyboard */ = {
			isa = PBXVariantGroup;
			children = (
				48F42A8A254616D800BC6078 /* Base */,
			);
			name = Main.storyboard;
			sourceTree = "<group>";
		};
		48F42A8E254616D800BC6078 /* LaunchScreen.storyboard */ = {
			isa = PBXVariantGroup;
			children = (
				48F42A8F254616D800BC6078 /* Base */,
			);
			name = LaunchScreen.storyboard;
			sourceTree = "<group>";
		};
/* End PBXVariantGroup section */

/* Begin XCBuildConfiguration section */
		48F42AA8254616D900BC6078 /* Debug */ = {
			isa = XCBuildConfiguration;
			buildSettings = {
				ALWAYS_SEARCH_USER_PATHS = NO;
				CLANG_ANALYZER_NONNULL = YES;
				CLANG_ANALYZER_NUMBER_OBJECT_CONVERSION = YES_AGGRESSIVE;
				CLANG_CXX_LANGUAGE_STANDARD = "gnu++14";
				CLANG_CXX_LIBRARY = "libc++";
				CLANG_ENABLE_MODULES = YES;
				CLANG_ENABLE_OBJC_ARC = YES;
				CLANG_ENABLE_OBJC_WEAK = YES;
				CLANG_WARN_BLOCK_CAPTURE_AUTORELEASING = YES;
				CLANG_WARN_BOOL_CONVERSION = YES;
				CLANG_WARN_COMMA = YES;
				CLANG_WARN_CONSTANT_CONVERSION = YES;
				CLANG_WARN_DEPRECATED_OBJC_IMPLEMENTATIONS = YES;
				CLANG_WARN_DIRECT_OBJC_ISA_USAGE = YES_ERROR;
				CLANG_WARN_DOCUMENTATION_COMMENTS = YES;
				CLANG_WARN_EMPTY_BODY = YES;
				CLANG_WARN_ENUM_CONVERSION = YES;
				CLANG_WARN_INFINITE_RECURSION = YES;
				CLANG_WARN_INT_CONVERSION = YES;
				CLANG_WARN_NON_LITERAL_NULL_CONVERSION = YES;
				CLANG_WARN_OBJC_IMPLICIT_RETAIN_SELF = YES;
				CLANG_WARN_OBJC_LITERAL_CONVERSION = YES;
				CLANG_WARN_OBJC_ROOT_CLASS = YES_ERROR;
				CLANG_WARN_QUOTED_INCLUDE_IN_FRAMEWORK_HEADER = YES;
				CLANG_WARN_RANGE_LOOP_ANALYSIS = YES;
				CLANG_WARN_STRICT_PROTOTYPES = YES;
				CLANG_WARN_SUSPICIOUS_MOVE = YES;
				CLANG_WARN_UNGUARDED_AVAILABILITY = YES_AGGRESSIVE;
				CLANG_WARN_UNREACHABLE_CODE = YES;
				CLANG_WARN__DUPLICATE_METHOD_MATCH = YES;
				COPY_PHASE_STRIP = NO;
				DEBUG_INFORMATION_FORMAT = dwarf;
				ENABLE_STRICT_OBJC_MSGSEND = YES;
				ENABLE_TESTABILITY = YES;
				GCC_C_LANGUAGE_STANDARD = gnu11;
				GCC_DYNAMIC_NO_PIC = NO;
				GCC_NO_COMMON_BLOCKS = YES;
				GCC_OPTIMIZATION_LEVEL = 0;
				GCC_PREPROCESSOR_DEFINITIONS = (
					"DEBUG=1",
					"$(inherited)",
				);
				GCC_WARN_64_TO_32_BIT_CONVERSION = YES;
				GCC_WARN_ABOUT_RETURN_TYPE = YES_ERROR;
				GCC_WARN_UNDECLARED_SELECTOR = YES;
				GCC_WARN_UNINITIALIZED_AUTOS = YES_AGGRESSIVE;
				GCC_WARN_UNUSED_FUNCTION = YES;
				GCC_WARN_UNUSED_VARIABLE = YES;
				IPHONEOS_DEPLOYMENT_TARGET = 14.1;
				MTL_ENABLE_DEBUG_INFO = INCLUDE_SOURCE;
				MTL_FAST_MATH = YES;
				ONLY_ACTIVE_ARCH = YES;
				SDKROOT = iphoneos;
				SWIFT_ACTIVE_COMPILATION_CONDITIONS = DEBUG;
				SWIFT_OPTIMIZATION_LEVEL = "-Onone";
			};
			name = Debug;
		};
		48F42AA9254616D900BC6078 /* Release */ = {
			isa = XCBuildConfiguration;
			buildSettings = {
				ALWAYS_SEARCH_USER_PATHS = NO;
				CLANG_ANALYZER_NONNULL = YES;
				CLANG_ANALYZER_NUMBER_OBJECT_CONVERSION = YES_AGGRESSIVE;
				CLANG_CXX_LANGUAGE_STANDARD = "gnu++14";
				CLANG_CXX_LIBRARY = "libc++";
				CLANG_ENABLE_MODULES = YES;
				CLANG_ENABLE_OBJC_ARC = YES;
				CLANG_ENABLE_OBJC_WEAK = YES;
				CLANG_WARN_BLOCK_CAPTURE_AUTORELEASING = YES;
				CLANG_WARN_BOOL_CONVERSION = YES;
				CLANG_WARN_COMMA = YES;
				CLANG_WARN_CONSTANT_CONVERSION = YES;
				CLANG_WARN_DEPRECATED_OBJC_IMPLEMENTATIONS = YES;
				CLANG_WARN_DIRECT_OBJC_ISA_USAGE = YES_ERROR;
				CLANG_WARN_DOCUMENTATION_COMMENTS = YES;
				CLANG_WARN_EMPTY_BODY = YES;
				CLANG_WARN_ENUM_CONVERSION = YES;
				CLANG_WARN_INFINITE_RECURSION = YES;
				CLANG_WARN_INT_CONVERSION = YES;
				CLANG_WARN_NON_LITERAL_NULL_CONVERSION = YES;
				CLANG_WARN_OBJC_IMPLICIT_RETAIN_SELF = YES;
				CLANG_WARN_OBJC_LITERAL_CONVERSION = YES;
				CLANG_WARN_OBJC_ROOT_CLASS = YES_ERROR;
				CLANG_WARN_QUOTED_INCLUDE_IN_FRAMEWORK_HEADER = YES;
				CLANG_WARN_RANGE_LOOP_ANALYSIS = YES;
				CLANG_WARN_STRICT_PROTOTYPES = YES;
				CLANG_WARN_SUSPICIOUS_MOVE = YES;
				CLANG_WARN_UNGUARDED_AVAILABILITY = YES_AGGRESSIVE;
				CLANG_WARN_UNREACHABLE_CODE = YES;
				CLANG_WARN__DUPLICATE_METHOD_MATCH = YES;
				COPY_PHASE_STRIP = NO;
				DEBUG_INFORMATION_FORMAT = "dwarf-with-dsym";
				ENABLE_NS_ASSERTIONS = NO;
				ENABLE_STRICT_OBJC_MSGSEND = YES;
				GCC_C_LANGUAGE_STANDARD = gnu11;
				GCC_NO_COMMON_BLOCKS = YES;
				GCC_WARN_64_TO_32_BIT_CONVERSION = YES;
				GCC_WARN_ABOUT_RETURN_TYPE = YES_ERROR;
				GCC_WARN_UNDECLARED_SELECTOR = YES;
				GCC_WARN_UNINITIALIZED_AUTOS = YES_AGGRESSIVE;
				GCC_WARN_UNUSED_FUNCTION = YES;
				GCC_WARN_UNUSED_VARIABLE = YES;
				IPHONEOS_DEPLOYMENT_TARGET = 14.1;
				MTL_ENABLE_DEBUG_INFO = NO;
				MTL_FAST_MATH = YES;
				SDKROOT = iphoneos;
				SWIFT_COMPILATION_MODE = wholemodule;
				SWIFT_OPTIMIZATION_LEVEL = "-O";
				VALIDATE_PRODUCT = YES;
			};
			name = Release;
		};
		48F42AAB254616D900BC6078 /* Debug */ = {
			isa = XCBuildConfiguration;
			baseConfigurationReference = 98D41530733293E73B13076E /* Pods-Health Memo.debug.xcconfig */;
			buildSettings = {
				ASSETCATALOG_COMPILER_GLOBAL_ACCENT_COLOR_NAME = AccentColor;
				CODE_SIGN_STYLE = Automatic;
				DEVELOPMENT_TEAM = 7G9293FBQG;
				INFOPLIST_FILE = "Health Memo/Info.plist";
				LD_RUNPATH_SEARCH_PATHS = (
					"$(inherited)",
					"@executable_path/Frameworks",
				);
				PRODUCT_BUNDLE_IDENTIFIER = "com.hotmail.tahaafzal5.Health-Memo";
				PRODUCT_NAME = "$(TARGET_NAME)";
				SWIFT_VERSION = 5.0;
				TARGETED_DEVICE_FAMILY = 1;
			};
			name = Debug;
		};
		48F42AAC254616D900BC6078 /* Release */ = {
			isa = XCBuildConfiguration;
			baseConfigurationReference = 96A48B3894C1934B6B518F62 /* Pods-Health Memo.release.xcconfig */;
			buildSettings = {
				ASSETCATALOG_COMPILER_GLOBAL_ACCENT_COLOR_NAME = AccentColor;
				CODE_SIGN_STYLE = Automatic;
				DEVELOPMENT_TEAM = 7G9293FBQG;
				INFOPLIST_FILE = "Health Memo/Info.plist";
				LD_RUNPATH_SEARCH_PATHS = (
					"$(inherited)",
					"@executable_path/Frameworks",
				);
				PRODUCT_BUNDLE_IDENTIFIER = "com.hotmail.tahaafzal5.Health-Memo";
				PRODUCT_NAME = "$(TARGET_NAME)";
				SWIFT_VERSION = 5.0;
				TARGETED_DEVICE_FAMILY = 1;
			};
			name = Release;
		};
		48F42AAE254616D900BC6078 /* Debug */ = {
			isa = XCBuildConfiguration;
			baseConfigurationReference = 60EBDDE0833A44E492D995B5 /* Pods-Health MemoTests.debug.xcconfig */;
			buildSettings = {
				ALWAYS_EMBED_SWIFT_STANDARD_LIBRARIES = YES;
				BUNDLE_LOADER = "$(TEST_HOST)";
				CODE_SIGN_STYLE = Automatic;
				DEVELOPMENT_TEAM = 7G9293FBQG;
				INFOPLIST_FILE = "Health MemoTests/Info.plist";
				IPHONEOS_DEPLOYMENT_TARGET = 14.1;
				LD_RUNPATH_SEARCH_PATHS = (
					"$(inherited)",
					"@executable_path/Frameworks",
					"@loader_path/Frameworks",
				);
				PRODUCT_BUNDLE_IDENTIFIER = "com.hotmail.tahaafzal5.Health-MemoTests";
				PRODUCT_NAME = "$(TARGET_NAME)";
				SWIFT_VERSION = 5.0;
				TARGETED_DEVICE_FAMILY = "1,2";
				TEST_HOST = "$(BUILT_PRODUCTS_DIR)/Health Memo.app/Health Memo";
			};
			name = Debug;
		};
		48F42AAF254616D900BC6078 /* Release */ = {
			isa = XCBuildConfiguration;
			baseConfigurationReference = 48BA969E03D95264AC99D187 /* Pods-Health MemoTests.release.xcconfig */;
			buildSettings = {
				ALWAYS_EMBED_SWIFT_STANDARD_LIBRARIES = YES;
				BUNDLE_LOADER = "$(TEST_HOST)";
				CODE_SIGN_STYLE = Automatic;
				DEVELOPMENT_TEAM = 7G9293FBQG;
				INFOPLIST_FILE = "Health MemoTests/Info.plist";
				IPHONEOS_DEPLOYMENT_TARGET = 14.1;
				LD_RUNPATH_SEARCH_PATHS = (
					"$(inherited)",
					"@executable_path/Frameworks",
					"@loader_path/Frameworks",
				);
				PRODUCT_BUNDLE_IDENTIFIER = "com.hotmail.tahaafzal5.Health-MemoTests";
				PRODUCT_NAME = "$(TARGET_NAME)";
				SWIFT_VERSION = 5.0;
				TARGETED_DEVICE_FAMILY = "1,2";
				TEST_HOST = "$(BUILT_PRODUCTS_DIR)/Health Memo.app/Health Memo";
			};
			name = Release;
		};
		48F42AB1254616D900BC6078 /* Debug */ = {
			isa = XCBuildConfiguration;
			baseConfigurationReference = 96527084E6601DE65AA62933 /* Pods-Health Memo-Health MemoUITests.debug.xcconfig */;
			buildSettings = {
				ALWAYS_EMBED_SWIFT_STANDARD_LIBRARIES = YES;
				CODE_SIGN_STYLE = Automatic;
				DEVELOPMENT_TEAM = 7G9293FBQG;
				INFOPLIST_FILE = "Health MemoUITests/Info.plist";
				LD_RUNPATH_SEARCH_PATHS = (
					"$(inherited)",
					"@executable_path/Frameworks",
					"@loader_path/Frameworks",
				);
				PRODUCT_BUNDLE_IDENTIFIER = "com.hotmail.tahaafzal5.Health-MemoUITests";
				PRODUCT_NAME = "$(TARGET_NAME)";
				SWIFT_VERSION = 5.0;
				TARGETED_DEVICE_FAMILY = "1,2";
				TEST_TARGET_NAME = "Health Memo";
			};
			name = Debug;
		};
		48F42AB2254616D900BC6078 /* Release */ = {
			isa = XCBuildConfiguration;
			baseConfigurationReference = E59635548AE7EA0A52DF816E /* Pods-Health Memo-Health MemoUITests.release.xcconfig */;
			buildSettings = {
				ALWAYS_EMBED_SWIFT_STANDARD_LIBRARIES = YES;
				CODE_SIGN_STYLE = Automatic;
				DEVELOPMENT_TEAM = 7G9293FBQG;
				INFOPLIST_FILE = "Health MemoUITests/Info.plist";
				LD_RUNPATH_SEARCH_PATHS = (
					"$(inherited)",
					"@executable_path/Frameworks",
					"@loader_path/Frameworks",
				);
				PRODUCT_BUNDLE_IDENTIFIER = "com.hotmail.tahaafzal5.Health-MemoUITests";
				PRODUCT_NAME = "$(TARGET_NAME)";
				SWIFT_VERSION = 5.0;
				TARGETED_DEVICE_FAMILY = "1,2";
				TEST_TARGET_NAME = "Health Memo";
			};
			name = Release;
		};
/* End XCBuildConfiguration section */

/* Begin XCConfigurationList section */
		48F42A7B254616D700BC6078 /* Build configuration list for PBXProject "Health Memo" */ = {
			isa = XCConfigurationList;
			buildConfigurations = (
				48F42AA8254616D900BC6078 /* Debug */,
				48F42AA9254616D900BC6078 /* Release */,
			);
			defaultConfigurationIsVisible = 0;
			defaultConfigurationName = Release;
		};
		48F42AAA254616D900BC6078 /* Build configuration list for PBXNativeTarget "Health Memo" */ = {
			isa = XCConfigurationList;
			buildConfigurations = (
				48F42AAB254616D900BC6078 /* Debug */,
				48F42AAC254616D900BC6078 /* Release */,
			);
			defaultConfigurationIsVisible = 0;
			defaultConfigurationName = Release;
		};
		48F42AAD254616D900BC6078 /* Build configuration list for PBXNativeTarget "Health MemoTests" */ = {
			isa = XCConfigurationList;
			buildConfigurations = (
				48F42AAE254616D900BC6078 /* Debug */,
				48F42AAF254616D900BC6078 /* Release */,
			);
			defaultConfigurationIsVisible = 0;
			defaultConfigurationName = Release;
		};
		48F42AB0254616D900BC6078 /* Build configuration list for PBXNativeTarget "Health MemoUITests" */ = {
			isa = XCConfigurationList;
			buildConfigurations = (
				48F42AB1254616D900BC6078 /* Debug */,
				48F42AB2254616D900BC6078 /* Release */,
			);
			defaultConfigurationIsVisible = 0;
			defaultConfigurationName = Release;
		};
/* End XCConfigurationList section */
	};
	rootObject = 48F42A78254616D700BC6078 /* Project object */;
}
